Microsoft Visual Studio Solution File, Format Version 12.00
# Visual Studio 2012
Project("{FAE04EC0-301F-11D3-BF4B-00C04F79EFBC}") = "ld50", "ld50.csproj", "{EDA208DF-7275-4967-8415-835B1719B070}"
EndProject
Global
	GlobalSection(SolutionConfigurationPlatforms) = preSolution
	Debug|Any CPU = Debug|Any CPU
	ExportDebug|Any CPU = ExportDebug|Any CPU
	ExportRelease|Any CPU = ExportRelease|Any CPU
	EndGlobalSection
	GlobalSection(ProjectConfigurationPlatforms) = postSolution
		{EDA208DF-7275-4967-8415-835B1719B070}.Debug|Any CPU.ActiveCfg = Debug|Any CPU
		{EDA208DF-7275-4967-8415-835B1719B070}.Debug|Any CPU.Build.0 = Debug|Any CPU
		{EDA208DF-7275-4967-8415-835B1719B070}.ExportDebug|Any CPU.ActiveCfg = ExportDebug|Any CPU
		{EDA208DF-7275-4967-8415-835B1719B070}.ExportDebug|Any CPU.Build.0 = ExportDebug|Any CPU
		{EDA208DF-7275-4967-8415-835B1719B070}.ExportRelease|Any CPU.ActiveCfg = ExportRelease|Any CPU
		{EDA208DF-7275-4967-8415-835B1719B070}.ExportRelease|Any CPU.Build.0 = ExportRelease|Any CPU
	EndGlobalSection
EndGlobal
